
Microsoft Visual Studio Solution File, Format Version 12.00
Project("{2150E333-8FDC-42A3-9474-1A3956D46DE8}") = "Behavioral", "Behavioral", "{4493B0D9-5635-4324-AFAA-4B2AE00D6DD4}"
EndProject
Project("{2150E333-8FDC-42A3-9474-1A3956D46DE8}") = "Creational", "Creational", "{CCCE0718-0926-438E-9A93-0BB95DD3292C}"
EndProject
Project("{2150E333-8FDC-42A3-9474-1A3956D46DE8}") = "Structural", "Structural", "{DEE43D88-3CD7-48FD-B4CF-3AA28765E2E4}"
EndProject
Project("{FAE04EC0-301F-11D3-BF4B-00C04F79EFBC}") = "ChainOfResponsibility", "Behavioral\ChainOfResponsibility\ChainOfResponsibility.csproj", "{EDB1A052-2DCF-4711-BE62-803D2D9785EC}"
EndProject
Project("{FAE04EC0-301F-11D3-BF4B-00C04F79EFBC}") = "Interpreter", "Behavioral\Interpreter\Interpreter.csproj", "{8B284371-BD19-493E-83CA-8A8B1FDC1F93}"
EndProject
Project("{FAE04EC0-301F-11D3-BF4B-00C04F79EFBC}") = "Mediator", "Behavioral\Mediator\Mediator.csproj", "{69480127-B723-4E96-9E54-972D0F072FA2}"
EndProject
Project("{FAE04EC0-301F-11D3-BF4B-00C04F79EFBC}") = "Memento", "Behavioral\Memento\Memento.csproj", "{8B4BD943-C573-460A-9EFD-6FFFD1C66330}"
EndProject
Project("{FAE04EC0-301F-11D3-BF4B-00C04F79EFBC}") = "Observer", "Behavioral\Observer\Observer.csproj", "{60F26CA8-5017-4F8D-8E30-2BCE631DE94A}"
EndProject
Project("{FAE04EC0-301F-11D3-BF4B-00C04F79EFBC}") = "State", "Behavioral\State\State.csproj", "{E9C6F66D-22B1-4C74-9194-801520A7913A}"
EndProject
Project("{FAE04EC0-301F-11D3-BF4B-00C04F79EFBC}") = "Strategy", "Behavioral\Strategy\Strategy.csproj", "{364304E4-D962-45CD-A332-9F3C53DD4EE5}"
EndProject
Project("{FAE04EC0-301F-11D3-BF4B-00C04F79EFBC}") = "TemplateMethod", "Behavioral\TemplateMethod\TemplateMethod.csproj", "{311896B3-CF51-4516-BBAD-CC075A82B1D8}"
EndProject
Project("{FAE04EC0-301F-11D3-BF4B-00C04F79EFBC}") = "Visitor", "Behavioral\Visitor\Visitor.csproj", "{09D1ACE0-09F9-4A33-AE6C-DC4ADF1DA454}"
EndProject
Project("{FAE04EC0-301F-11D3-BF4B-00C04F79EFBC}") = "AbstractFactory", "Creational\AbstractFactory\AbstractFactory.csproj", "{F019F8E3-084C-4E53-B28B-004BEC9D237E}"
EndProject
Project("{FAE04EC0-301F-11D3-BF4B-00C04F79EFBC}") = "Builder", "Creational\Builder\Builder.csproj", "{4F95BAD7-78FE-4EE2-8025-CDD28E2B08A1}"
EndProject
Project("{FAE04EC0-301F-11D3-BF4B-00C04F79EFBC}") = "Factory", "Creational\Factory\Factory.csproj", "{5DA1E9E3-A270-4502-9F52-C235A8B618CF}"
EndProject
Project("{FAE04EC0-301F-11D3-BF4B-00C04F79EFBC}") = "FactoryMethod", "Creational\FactoryMethod\FactoryMethod.csproj", "{12C400C7-AA5E-4CDF-91C6-968E537C9F18}"
EndProject
Project("{FAE04EC0-301F-11D3-BF4B-00C04F79EFBC}") = "Prototype", "Creational\Prototype\Prototype.csproj", "{3C52874C-A0CF-43F6-95EC-94F6B12C70BC}"
EndProject
Project("{FAE04EC0-301F-11D3-BF4B-00C04F79EFBC}") = "Singleton", "Creational\Singleton\Singleton.csproj", "{1D2ABA70-1ABF-4E4A-BB81-8B1A73ED5A5D}"
EndProject
Project("{FAE04EC0-301F-11D3-BF4B-00C04F79EFBC}") = "Adapter", "Structural\Adapter\Adapter.csproj", "{B5B6AC4E-2F5B-45D2-8EF8-B08A16AF2B10}"
EndProject
Project("{FAE04EC0-301F-11D3-BF4B-00C04F79EFBC}") = "Composite", "Structural\Composite\Composite.csproj", "{48BBD91B-94BA-4FE3-B62A-F0121CB22B0A}"
EndProject
Project("{FAE04EC0-301F-11D3-BF4B-00C04F79EFBC}") = "Decorator", "Structural\Decorator\Decorator.csproj", "{2CCACB30-1CF0-4E80-A9F7-A8C13FD6409B}"
EndProject
Project("{FAE04EC0-301F-11D3-BF4B-00C04F79EFBC}") = "Facade", "Structural\Facade\Facade.csproj", "{FB1EAB36-A4BB-447A-BAEA-337D9D8CC147}"
EndProject
Project("{FAE04EC0-301F-11D3-BF4B-00C04F79EFBC}") = "Proxy", "Structural\Proxy\Proxy.csproj", "{297B7CE4-2121-462B-80B0-C6FDD0D48167}"
EndProject
Global
	GlobalSection(SolutionConfigurationPlatforms) = preSolution
		Debug|Any CPU = Debug|Any CPU
		Release|Any CPU = Release|Any CPU
	EndGlobalSection
	GlobalSection(ProjectConfigurationPlatforms) = postSolution
		{EDB1A052-2DCF-4711-BE62-803D2D9785EC}.Debug|Any CPU.ActiveCfg = Debug|Any CPU
		{EDB1A052-2DCF-4711-BE62-803D2D9785EC}.Debug|Any CPU.Build.0 = Debug|Any CPU
		{EDB1A052-2DCF-4711-BE62-803D2D9785EC}.Release|Any CPU.ActiveCfg = Release|Any CPU
		{EDB1A052-2DCF-4711-BE62-803D2D9785EC}.Release|Any CPU.Build.0 = Release|Any CPU
		{8B284371-BD19-493E-83CA-8A8B1FDC1F93}.Debug|Any CPU.ActiveCfg = Debug|Any CPU
		{8B284371-BD19-493E-83CA-8A8B1FDC1F93}.Debug|Any CPU.Build.0 = Debug|Any CPU
		{8B284371-BD19-493E-83CA-8A8B1FDC1F93}.Release|Any CPU.ActiveCfg = Release|Any CPU
		{8B284371-BD19-493E-83CA-8A8B1FDC1F93}.Release|Any CPU.Build.0 = Release|Any CPU
		{69480127-B723-4E96-9E54-972D0F072FA2}.Debug|Any CPU.ActiveCfg = Debug|Any CPU
		{69480127-B723-4E96-9E54-972D0F072FA2}.Debug|Any CPU.Build.0 = Debug|Any CPU
		{69480127-B723-4E96-9E54-972D0F072FA2}.Release|Any CPU.ActiveCfg = Release|Any CPU
		{69480127-B723-4E96-9E54-972D0F072FA2}.Release|Any CPU.Build.0 = Release|Any CPU
		{8B4BD943-C573-460A-9EFD-6FFFD1C66330}.Debug|Any CPU.ActiveCfg = Debug|Any CPU
		{8B4BD943-C573-460A-9EFD-6FFFD1C66330}.Debug|Any CPU.Build.0 = Debug|Any CPU
		{8B4BD943-C573-460A-9EFD-6FFFD1C66330}.Release|Any CPU.ActiveCfg = Release|Any CPU
		{8B4BD943-C573-460A-9EFD-6FFFD1C66330}.Release|Any CPU.Build.0 = Release|Any CPU
		{60F26CA8-5017-4F8D-8E30-2BCE631DE94A}.Debug|Any CPU.ActiveCfg = Debug|Any CPU
		{60F26CA8-5017-4F8D-8E30-2BCE631DE94A}.Debug|Any CPU.Build.0 = Debug|Any CPU
		{60F26CA8-5017-4F8D-8E30-2BCE631DE94A}.Release|Any CPU.ActiveCfg = Release|Any CPU
		{60F26CA8-5017-4F8D-8E30-2BCE631DE94A}.Release|Any CPU.Build.0 = Release|Any CPU
		{E9C6F66D-22B1-4C74-9194-801520A7913A}.Debug|Any CPU.ActiveCfg = Debug|Any CPU
		{E9C6F66D-22B1-4C74-9194-801520A7913A}.Debug|Any CPU.Build.0 = Debug|Any CPU
		{E9C6F66D-22B1-4C74-9194-801520A7913A}.Release|Any CPU.ActiveCfg = Release|Any CPU
		{E9C6F66D-22B1-4C74-9194-801520A7913A}.Release|Any CPU.Build.0 = Release|Any CPU
		{364304E4-D962-45CD-A332-9F3C53DD4EE5}.Debug|Any CPU.ActiveCfg = Debug|Any CPU
		{364304E4-D962-45CD-A332-9F3C53DD4EE5}.Debug|Any CPU.Build.0 = Debug|Any CPU
		{364304E4-D962-45CD-A332-9F3C53DD4EE5}.Release|Any CPU.ActiveCfg = Release|Any CPU
		{364304E4-D962-45CD-A332-9F3C53DD4EE5}.Release|Any CPU.Build.0 = Release|Any CPU
		{311896B3-CF51-4516-BBAD-CC075A82B1D8}.Debug|Any CPU.ActiveCfg = Debug|Any CPU
		{311896B3-CF51-4516-BBAD-CC075A82B1D8}.Debug|Any CPU.Build.0 = Debug|Any CPU
		{311896B3-CF51-4516-BBAD-CC075A82B1D8}.Release|Any CPU.ActiveCfg = Release|Any CPU
		{311896B3-CF51-4516-BBAD-CC075A82B1D8}.Release|Any CPU.Build.0 = Release|Any CPU
		{09D1ACE0-09F9-4A33-AE6C-DC4ADF1DA454}.Debug|Any CPU.ActiveCfg = Debug|Any CPU
		{09D1ACE0-09F9-4A33-AE6C-DC4ADF1DA454}.Debug|Any CPU.Build.0 = Debug|Any CPU
		{09D1ACE0-09F9-4A33-AE6C-DC4ADF1DA454}.Release|Any CPU.ActiveCfg = Release|Any CPU
		{09D1ACE0-09F9-4A33-AE6C-DC4ADF1DA454}.Release|Any CPU.Build.0 = Release|Any CPU
		{F019F8E3-084C-4E53-B28B-004BEC9D237E}.Debug|Any CPU.ActiveCfg = Debug|Any CPU
		{F019F8E3-084C-4E53-B28B-004BEC9D237E}.Debug|Any CPU.Build.0 = Debug|Any CPU
		{F019F8E3-084C-4E53-B28B-004BEC9D237E}.Release|Any CPU.ActiveCfg = Release|Any CPU
		{F019F8E3-084C-4E53-B28B-004BEC9D237E}.Release|Any CPU.Build.0 = Release|Any CPU
		{4F95BAD7-78FE-4EE2-8025-CDD28E2B08A1}.Debug|Any CPU.ActiveCfg = Debug|Any CPU
		{4F95BAD7-78FE-4EE2-8025-CDD28E2B08A1}.Debug|Any CPU.Build.0 = Debug|Any CPU
		{4F95BAD7-78FE-4EE2-8025-CDD28E2B08A1}.Release|Any CPU.ActiveCfg = Release|Any CPU
		{4F95BAD7-78FE-4EE2-8025-CDD28E2B08A1}.Release|Any CPU.Build.0 = Release|Any CPU
		{5DA1E9E3-A270-4502-9F52-C235A8B618CF}.Debug|Any CPU.ActiveCfg = Debug|Any CPU
		{5DA1E9E3-A270-4502-9F52-C235A8B618CF}.Debug|Any CPU.Build.0 = Debug|Any CPU
		{5DA1E9E3-A270-4502-9F52-C235A8B618CF}.Release|Any CPU.ActiveCfg = Release|Any CPU
		{5DA1E9E3-A270-4502-9F52-C235A8B618CF}.Release|Any CPU.Build.0 = Release|Any CPU
		{12C400C7-AA5E-4CDF-91C6-968E537C9F18}.Debug|Any CPU.ActiveCfg = Debug|Any CPU
		{12C400C7-AA5E-4CDF-91C6-968E537C9F18}.Debug|Any CPU.Build.0 = Debug|Any CPU
		{12C400C7-AA5E-4CDF-91C6-968E537C9F18}.Release|Any CPU.ActiveCfg = Release|Any CPU
		{12C400C7-AA5E-4CDF-91C6-968E537C9F18}.Release|Any CPU.Build.0 = Release|Any CPU
		{3C52874C-A0CF-43F6-95EC-94F6B12C70BC}.Debug|Any CPU.ActiveCfg = Debug|Any CPU
		{3C52874C-A0CF-43F6-95EC-94F6B12C70BC}.Debug|Any CPU.Build.0 = Debug|Any CPU
		{3C52874C-A0CF-43F6-95EC-94F6B12C70BC}.Release|Any CPU.ActiveCfg = Release|Any CPU
		{3C52874C-A0CF-43F6-95EC-94F6B12C70BC}.Release|Any CPU.Build.0 = Release|Any CPU
		{1D2ABA70-1ABF-4E4A-BB81-8B1A73ED5A5D}.Debug|Any CPU.ActiveCfg = Debug|Any CPU
		{1D2ABA70-1ABF-4E4A-BB81-8B1A73ED5A5D}.Debug|Any CPU.Build.0 = Debug|Any CPU
		{1D2ABA70-1ABF-4E4A-BB81-8B1A73ED5A5D}.Release|Any CPU.ActiveCfg = Release|Any CPU
		{1D2ABA70-1ABF-4E4A-BB81-8B1A73ED5A5D}.Release|Any CPU.Build.0 = Release|Any CPU
		{B5B6AC4E-2F5B-45D2-8EF8-B08A16AF2B10}.Debug|Any CPU.ActiveCfg = Debug|Any CPU
		{B5B6AC4E-2F5B-45D2-8EF8-B08A16AF2B10}.Debug|Any CPU.Build.0 = Debug|Any CPU
		{B5B6AC4E-2F5B-45D2-8EF8-B08A16AF2B10}.Release|Any CPU.ActiveCfg = Release|Any CPU
		{B5B6AC4E-2F5B-45D2-8EF8-B08A16AF2B10}.Release|Any CPU.Build.0 = Release|Any CPU
		{48BBD91B-94BA-4FE3-B62A-F0121CB22B0A}.Debug|Any CPU.ActiveCfg = Debug|Any CPU
		{48BBD91B-94BA-4FE3-B62A-F0121CB22B0A}.Debug|Any CPU.Build.0 = Debug|Any CPU
		{48BBD91B-94BA-4FE3-B62A-F0121CB22B0A}.Release|Any CPU.ActiveCfg = Release|Any CPU
		{48BBD91B-94BA-4FE3-B62A-F0121CB22B0A}.Release|Any CPU.Build.0 = Release|Any CPU
		{2CCACB30-1CF0-4E80-A9F7-A8C13FD6409B}.Debug|Any CPU.ActiveCfg = Debug|Any CPU
		{2CCACB30-1CF0-4E80-A9F7-A8C13FD6409B}.Debug|Any CPU.Build.0 = Debug|Any CPU
		{2CCACB30-1CF0-4E80-A9F7-A8C13FD6409B}.Release|Any CPU.ActiveCfg = Release|Any CPU
		{2CCACB30-1CF0-4E80-A9F7-A8C13FD6409B}.Release|Any CPU.Build.0 = Release|Any CPU
		{FB1EAB36-A4BB-447A-BAEA-337D9D8CC147}.Debug|Any CPU.ActiveCfg = Debug|Any CPU
		{FB1EAB36-A4BB-447A-BAEA-337D9D8CC147}.Debug|Any CPU.Build.0 = Debug|Any CPU
		{FB1EAB36-A4BB-447A-BAEA-337D9D8CC147}.Release|Any CPU.ActiveCfg = Release|Any CPU
		{FB1EAB36-A4BB-447A-BAEA-337D9D8CC147}.Release|Any CPU.Build.0 = Release|Any CPU
		{297B7CE4-2121-462B-80B0-C6FDD0D48167}.Debug|Any CPU.ActiveCfg = Debug|Any CPU
		{297B7CE4-2121-462B-80B0-C6FDD0D48167}.Debug|Any CPU.Build.0 = Debug|Any CPU
		{297B7CE4-2121-462B-80B0-C6FDD0D48167}.Release|Any CPU.ActiveCfg = Release|Any CPU
		{297B7CE4-2121-462B-80B0-C6FDD0D48167}.Release|Any CPU.Build.0 = Release|Any CPU
	EndGlobalSection
	GlobalSection(NestedProjects) = preSolution
		{EDB1A052-2DCF-4711-BE62-803D2D9785EC} = {4493B0D9-5635-4324-AFAA-4B2AE00D6DD4}
		{8B284371-BD19-493E-83CA-8A8B1FDC1F93} = {4493B0D9-5635-4324-AFAA-4B2AE00D6DD4}
		{69480127-B723-4E96-9E54-972D0F072FA2} = {4493B0D9-5635-4324-AFAA-4B2AE00D6DD4}
		{8B4BD943-C573-460A-9EFD-6FFFD1C66330} = {4493B0D9-5635-4324-AFAA-4B2AE00D6DD4}
		{60F26CA8-5017-4F8D-8E30-2BCE631DE94A} = {4493B0D9-5635-4324-AFAA-4B2AE00D6DD4}
		{E9C6F66D-22B1-4C74-9194-801520A7913A} = {4493B0D9-5635-4324-AFAA-4B2AE00D6DD4}
		{364304E4-D962-45CD-A332-9F3C53DD4EE5} = {4493B0D9-5635-4324-AFAA-4B2AE00D6DD4}
		{311896B3-CF51-4516-BBAD-CC075A82B1D8} = {4493B0D9-5635-4324-AFAA-4B2AE00D6DD4}
		{09D1ACE0-09F9-4A33-AE6C-DC4ADF1DA454} = {4493B0D9-5635-4324-AFAA-4B2AE00D6DD4}
		{F019F8E3-084C-4E53-B28B-004BEC9D237E} = {CCCE0718-0926-438E-9A93-0BB95DD3292C}
		{4F95BAD7-78FE-4EE2-8025-CDD28E2B08A1} = {CCCE0718-0926-438E-9A93-0BB95DD3292C}
		{5DA1E9E3-A270-4502-9F52-C235A8B618CF} = {CCCE0718-0926-438E-9A93-0BB95DD3292C}
		{12C400C7-AA5E-4CDF-91C6-968E537C9F18} = {CCCE0718-0926-438E-9A93-0BB95DD3292C}
		{3C52874C-A0CF-43F6-95EC-94F6B12C70BC} = {CCCE0718-0926-438E-9A93-0BB95DD3292C}
		{1D2ABA70-1ABF-4E4A-BB81-8B1A73ED5A5D} = {CCCE0718-0926-438E-9A93-0BB95DD3292C}
		{B5B6AC4E-2F5B-45D2-8EF8-B08A16AF2B10} = {DEE43D88-3CD7-48FD-B4CF-3AA28765E2E4}
		{48BBD91B-94BA-4FE3-B62A-F0121CB22B0A} = {DEE43D88-3CD7-48FD-B4CF-3AA28765E2E4}
		{2CCACB30-1CF0-4E80-A9F7-A8C13FD6409B} = {DEE43D88-3CD7-48FD-B4CF-3AA28765E2E4}
		{FB1EAB36-A4BB-447A-BAEA-337D9D8CC147} = {DEE43D88-3CD7-48FD-B4CF-3AA28765E2E4}
		{297B7CE4-2121-462B-80B0-C6FDD0D48167} = {DEE43D88-3CD7-48FD-B4CF-3AA28765E2E4}
	EndGlobalSection
EndGlobal
